
Microsoft Visual Studio Solution File, Format Version 10.00
# Visual Studio 2008
Project("{8BC9CEB8-8B4A-11D0-8D11-00A0C91BC942}") = "alt-bho", "alt-bho\alt-bho.vcproj", "{D5023D62-46F6-49ED-9335-401390FEF29A}"
EndProject
Project("{8BC9CEB8-8B4A-11D0-8D11-00A0C91BC942}") = "alt-bhoPS", "alt-bho\alt-bhoPS.vcproj", "{F0632BBE-4FD6-4F34-88CC-EA60DB23FCAA}"
	ProjectSection(ProjectDependencies) = postProject
		{D5023D62-46F6-49ED-9335-401390FEF29A} = {D5023D62-46F6-49ED-9335-401390FEF29A}
	EndProjectSection
EndProject
Global
	GlobalSection(SolutionConfigurationPlatforms) = preSolution
		Debug|Win32 = Debug|Win32
		Release|Win32 = Release|Win32
	EndGlobalSection
	GlobalSection(ProjectConfigurationPlatforms) = postSolution
		{D5023D62-46F6-49ED-9335-401390FEF29A}.Debug|Win32.ActiveCfg = Debug|Win32
		{D5023D62-46F6-49ED-9335-401390FEF29A}.Debug|Win32.Build.0 = Debug|Win32
		{D5023D62-46F6-49ED-9335-401390FEF29A}.Release|Win32.ActiveCfg = Release|Win32
		{D5023D62-46F6-49ED-9335-401390FEF29A}.Release|Win32.Build.0 = Release|Win32
		{F0632BBE-4FD6-4F34-88CC-EA60DB23FCAA}.Debug|Win32.ActiveCfg = Debug|Win32
		{F0632BBE-4FD6-4F34-88CC-EA60DB23FCAA}.Release|Win32.ActiveCfg = Release|Win32
	EndGlobalSection
	GlobalSection(SolutionProperties) = preSolution
		HideSolutionNode = FALSE
	EndGlobalSection
EndGlobal
